
Microsoft Visual Studio Solution File, Format Version 12.00
# Visual Studio Version 17
VisualStudioVersion = 17.3.32825.248
MinimumVisualStudioVersion = 10.0.40219.1
Project("{FAE04EC0-301F-11D3-BF4B-00C04F79EFBC}") = "001-string", "001-string\001-string.csproj", "{DE06B181-0AA4-46B4-8B8B-2A7808887582}"
EndProject
Project("{FAE04EC0-301F-11D3-BF4B-00C04F79EFBC}") = "002-stringbuildIntro", "002-stringbuildIntro\002-stringbuildIntro.csproj", "{92A0804D-D312-4C1F-A9E0-9C70A024D822}"
EndProject
Project("{FAE04EC0-301F-11D3-BF4B-00C04F79EFBC}") = "003-Regular Expression", "003-Regular Expression\003-Regular Expression.csproj", "{D0E148E7-B89E-49A6-A7AB-38165DEAFEF8}"
EndProject
Project("{FAE04EC0-301F-11D3-BF4B-00C04F79EFBC}") = "004-DelegateIntro", "004-DelegateIntro\004-DelegateIntro.csproj", "{599F4575-6C01-4626-A673-0B33C7C06C91}"
EndProject
Project("{FAE04EC0-301F-11D3-BF4B-00C04F79EFBC}") = "005-Action Delegate", "005-Action Delegate\005-Action Delegate.csproj", "{3181C64B-AAA7-4F24-B29C-E527E913791C}"
EndProject
Project("{FAE04EC0-301F-11D3-BF4B-00C04F79EFBC}") = "006-Func Delegate", "006-Func Delegate\006-Func Delegate.csproj", "{4F9E1F10-1F86-43DF-9BF6-E327DE88F8EA}"
EndProject
Global
	GlobalSection(SolutionConfigurationPlatforms) = preSolution
		Debug|Any CPU = Debug|Any CPU
		Release|Any CPU = Release|Any CPU
	EndGlobalSection
	GlobalSection(ProjectConfigurationPlatforms) = postSolution
		{DE06B181-0AA4-46B4-8B8B-2A7808887582}.Debug|Any CPU.ActiveCfg = Debug|Any CPU
		{DE06B181-0AA4-46B4-8B8B-2A7808887582}.Debug|Any CPU.Build.0 = Debug|Any CPU
		{DE06B181-0AA4-46B4-8B8B-2A7808887582}.Release|Any CPU.ActiveCfg = Release|Any CPU
		{DE06B181-0AA4-46B4-8B8B-2A7808887582}.Release|Any CPU.Build.0 = Release|Any CPU
		{92A0804D-D312-4C1F-A9E0-9C70A024D822}.Debug|Any CPU.ActiveCfg = Debug|Any CPU
		{92A0804D-D312-4C1F-A9E0-9C70A024D822}.Debug|Any CPU.Build.0 = Debug|Any CPU
		{92A0804D-D312-4C1F-A9E0-9C70A024D822}.Release|Any CPU.ActiveCfg = Release|Any CPU
		{92A0804D-D312-4C1F-A9E0-9C70A024D822}.Release|Any CPU.Build.0 = Release|Any CPU
		{D0E148E7-B89E-49A6-A7AB-38165DEAFEF8}.Debug|Any CPU.ActiveCfg = Debug|Any CPU
		{D0E148E7-B89E-49A6-A7AB-38165DEAFEF8}.Debug|Any CPU.Build.0 = Debug|Any CPU
		{D0E148E7-B89E-49A6-A7AB-38165DEAFEF8}.Release|Any CPU.ActiveCfg = Release|Any CPU
		{D0E148E7-B89E-49A6-A7AB-38165DEAFEF8}.Release|Any CPU.Build.0 = Release|Any CPU
		{599F4575-6C01-4626-A673-0B33C7C06C91}.Debug|Any CPU.ActiveCfg = Debug|Any CPU
		{599F4575-6C01-4626-A673-0B33C7C06C91}.Debug|Any CPU.Build.0 = Debug|Any CPU
		{599F4575-6C01-4626-A673-0B33C7C06C91}.Release|Any CPU.ActiveCfg = Release|Any CPU
		{599F4575-6C01-4626-A673-0B33C7C06C91}.Release|Any CPU.Build.0 = Release|Any CPU
		{3181C64B-AAA7-4F24-B29C-E527E913791C}.Debug|Any CPU.ActiveCfg = Debug|Any CPU
		{3181C64B-AAA7-4F24-B29C-E527E913791C}.Debug|Any CPU.Build.0 = Debug|Any CPU
		{3181C64B-AAA7-4F24-B29C-E527E913791C}.Release|Any CPU.ActiveCfg = Release|Any CPU
		{3181C64B-AAA7-4F24-B29C-E527E913791C}.Release|Any CPU.Build.0 = Release|Any CPU
		{4F9E1F10-1F86-43DF-9BF6-E327DE88F8EA}.Debug|Any CPU.ActiveCfg = Debug|Any CPU
		{4F9E1F10-1F86-43DF-9BF6-E327DE88F8EA}.Debug|Any CPU.Build.0 = Debug|Any CPU
		{4F9E1F10-1F86-43DF-9BF6-E327DE88F8EA}.Release|Any CPU.ActiveCfg = Release|Any CPU
		{4F9E1F10-1F86-43DF-9BF6-E327DE88F8EA}.Release|Any CPU.Build.0 = Release|Any CPU
	EndGlobalSection
	GlobalSection(SolutionProperties) = preSolution
		HideSolutionNode = FALSE
	EndGlobalSection
	GlobalSection(ExtensibilityGlobals) = postSolution
		SolutionGuid = {2AD08EB9-4CE3-4D29-B4A2-F7F2AF01BDF4}
	EndGlobalSection
EndGlobal
