
Microsoft Visual Studio Solution File, Format Version 12.00
# Visual Studio Version 17
VisualStudioVersion = 17.3.32825.248
MinimumVisualStudioVersion = 10.0.40219.1
Project("{9A19103F-16F7-4668-BE54-9A1E7A4F7556}") = "CSharp-Study", "CSharp-Study\CSharp-Study.csproj", "{668FCF50-9017-4864-87B3-D9ECCA1E4BCC}"
EndProject
Project("{FAE04EC0-301F-11D3-BF4B-00C04F79EFBC}") = "001-string", "001-string\001-string.csproj", "{DE06B181-0AA4-46B4-8B8B-2A7808887582}"
EndProject
Global
	GlobalSection(SolutionConfigurationPlatforms) = preSolution
		Debug|Any CPU = Debug|Any CPU
		Release|Any CPU = Release|Any CPU
	EndGlobalSection
	GlobalSection(ProjectConfigurationPlatforms) = postSolution
		{668FCF50-9017-4864-87B3-D9ECCA1E4BCC}.Debug|Any CPU.ActiveCfg = Debug|Any CPU
		{668FCF50-9017-4864-87B3-D9ECCA1E4BCC}.Debug|Any CPU.Build.0 = Debug|Any CPU
		{668FCF50-9017-4864-87B3-D9ECCA1E4BCC}.Release|Any CPU.ActiveCfg = Release|Any CPU
		{668FCF50-9017-4864-87B3-D9ECCA1E4BCC}.Release|Any CPU.Build.0 = Release|Any CPU
		{DE06B181-0AA4-46B4-8B8B-2A7808887582}.Debug|Any CPU.ActiveCfg = Debug|Any CPU
		{DE06B181-0AA4-46B4-8B8B-2A7808887582}.Debug|Any CPU.Build.0 = Debug|Any CPU
		{DE06B181-0AA4-46B4-8B8B-2A7808887582}.Release|Any CPU.ActiveCfg = Release|Any CPU
		{DE06B181-0AA4-46B4-8B8B-2A7808887582}.Release|Any CPU.Build.0 = Release|Any CPU
	EndGlobalSection
	GlobalSection(SolutionProperties) = preSolution
		HideSolutionNode = FALSE
	EndGlobalSection
	GlobalSection(ExtensibilityGlobals) = postSolution
		SolutionGuid = {2AD08EB9-4CE3-4D29-B4A2-F7F2AF01BDF4}
	EndGlobalSection
EndGlobal
